{
  "name": "markdown-language",
  "version": "1.0.0",
  "lockfileVersion": 1,
  "requires": true,
  "dependencies": {
    "@types/source-map": {
      "version": "0.5.7",
      "resolved": "https://registry.npmjs.org/@types/source-map/-/source-map-0.5.7.tgz",
      "integrity": "sha512-LrnsgZIfJaysFkv9rRJp4/uAyqw87oVed3s1hhF83nwbo9c7MG9g5DqR0seHP+lkX4ldmMrVolPjQSe2ZfD0yA==",
      "dev": true,
      "requires": {
        "source-map": "*"
      }
    },
    "monaco-editor": {
      "version": "0.14.1",
      "resolved": "https://registry.npmjs.org/monaco-editor/-/monaco-editor-0.14.1.tgz",
      "integrity": "sha512-a73LapNgGxSHW0TOor9IkOvyFG5t0zupXb+sGrx7UMkMif/Ql/Fc9QXYZ26GLx80GHMmDVTZN4lBINzXltAhUg=="
    },
    "source-map": {
      "version": "0.7.3",
      "resolved": "https://registry.npmjs.org/source-map/-/source-map-0.7.3.tgz",
      "integrity": "sha512-CkCj6giN3S+n9qrYiBTX5gystlENnRW5jZeNLHpe6aue+SrHcG5VYwujhW9s4dY31mEGsxBDrHR6oI69fTXsaQ==",
      "dev": true
    },
    "typescript": {
      "version": "3.3.1",
      "resolved": "https://registry.npmjs.org/typescript/-/typescript-3.3.1.tgz",
      "integrity": "sha512-cTmIDFW7O0IHbn1DPYjkiebHxwtCMU+eTy30ZtJNBPF9j2O1ITu5XH2YnBeVRKWHqF+3JQwWJv0Q0aUgX8W7IA=="
    }
  }
}
